
Microsoft Visual Studio Solution File, Format Version 12.00
# Visual Studio Version 16
VisualStudioVersion = 16.0.29001.49
MinimumVisualStudioVersion = 10.0.40219.1
Project("{FAE04EC0-301F-11D3-BF4B-00C04F79EFBC}") = "KsiazkaKucharska", "KsiazkaKucharska\KsiazkaKucharska.csproj", "{A63FCDDA-86B4-4B01-8DF6-C5DD3A43D3BE}"
EndProject
Global
	GlobalSection(SolutionConfigurationPlatforms) = preSolution
		Debug|Any CPU = Debug|Any CPU
		Release|Any CPU = Release|Any CPU
	EndGlobalSection
	GlobalSection(ProjectConfigurationPlatforms) = postSolution
		{A63FCDDA-86B4-4B01-8DF6-C5DD3A43D3BE}.Debug|Any CPU.ActiveCfg = Debug|Any CPU
		{A63FCDDA-86B4-4B01-8DF6-C5DD3A43D3BE}.Debug|Any CPU.Build.0 = Debug|Any CPU
		{A63FCDDA-86B4-4B01-8DF6-C5DD3A43D3BE}.Release|Any CPU.ActiveCfg = Release|Any CPU
		{A63FCDDA-86B4-4B01-8DF6-C5DD3A43D3BE}.Release|Any CPU.Build.0 = Release|Any CPU
	EndGlobalSection
	GlobalSection(SolutionProperties) = preSolution
		HideSolutionNode = FALSE
	EndGlobalSection
	GlobalSection(ExtensibilityGlobals) = postSolution
		SolutionGuid = {8F6D4759-9435-40DF-94DA-67728FE8B5DD}
	EndGlobalSection
EndGlobal
